<?xml version="1.0" encoding="utf-8"?>
<Project ToolsVersion="4.0" xmlns="http://schemas.microsoft.com/developer/msbuild/2003">
  <ItemGroup>
    <Filter Include="Manager --------------------">
      <UniqueIdentifier>{9f827aed-ca33-486b-a465-6edef8c8cd74}</UniqueIdentifier>
    </Filter>
    <Filter Include="Scene ------------------------">
      <UniqueIdentifier>{0cd947bb-1584-44c3-9428-27cf91f4d3a2}</UniqueIdentifier>
    </Filter>
    <Filter Include="Shader------------------------">
      <UniqueIdentifier>{593abaa5-9fc7-44a8-a38f-70210a607c91}</UniqueIdentifier>
    </Filter>
    <Filter Include="Manager --------------------\Graphic">
      <UniqueIdentifier>{4349bfc7-f47e-4607-90d0-2ad602b52286}</UniqueIdentifier>
    </Filter>
    <Filter Include="Manager --------------------\Bass">
      <UniqueIdentifier>{6a8f36ea-cf58-4886-9c18-11fa4d6e80c9}</UniqueIdentifier>
    </Filter>
    <Filter Include="Manager --------------------\Director">
      <UniqueIdentifier>{1c74470e-4a23-4b26-9910-450aaf2a3cc7}</UniqueIdentifier>
    </Filter>
    <Filter Include="Manager --------------------\Imgui">
      <UniqueIdentifier>{e583db62-c03c-4ae5-adb5-a7391279b166}</UniqueIdentifier>
    </Filter>
    <Filter Include="Manager --------------------\Imput">
      <UniqueIdentifier>{e4ed265e-77a0-4f26-baed-87b2e5a4a237}</UniqueIdentifier>
    </Filter>
    <Filter Include="Manager --------------------\Window">
      <UniqueIdentifier>{31bbf7e1-d6ea-4b4c-9154-db52b3c93dc9}</UniqueIdentifier>
    </Filter>
    <Filter Include="Manager --------------------\Renderer">
      <UniqueIdentifier>{09c167d3-f0c7-40d5-8724-df8043bc988a}</UniqueIdentifier>
    </Filter>
    <Filter Include="Resource">
      <UniqueIdentifier>{34840016-615e-441d-945c-eb4e919c558e}</UniqueIdentifier>
    </Filter>
    <Filter Include="Components----------------">
      <UniqueIdentifier>{f47c4ffa-90f2-4a5e-80cd-7eb731cb4197}</UniqueIdentifier>
    </Filter>
    <Filter Include="Components----------------\Light">
      <UniqueIdentifier>{f8635fd1-1ad7-4af6-95fb-cafaaff1af6d}</UniqueIdentifier>
    </Filter>
    <Filter Include="Components----------------\Sound">
      <UniqueIdentifier>{1f280500-ed22-464a-9c29-be3efab2f85a}</UniqueIdentifier>
    </Filter>
    <Filter Include="Components----------------\UI">
      <UniqueIdentifier>{f2f0620f-a5ac-4400-acd5-6f750f66d23a}</UniqueIdentifier>
    </Filter>
    <Filter Include="Components----------------\Tile">
      <UniqueIdentifier>{907eec73-59d5-4286-b88c-8d4d6ac41511}</UniqueIdentifier>
    </Filter>
    <Filter Include="GameObjects----------------">
      <UniqueIdentifier>{79cc2763-b9e8-4aa3-bcdb-5dc4e88d6546}</UniqueIdentifier>
    </Filter>
    <Filter Include="GameObjects----------------\Floor">
      <UniqueIdentifier>{8b54d1aa-08c6-4aff-ab5e-dc30ca29d8c3}</UniqueIdentifier>
    </Filter>
    <Filter Include="GameObjects----------------\Player">
      <UniqueIdentifier>{42be0302-10c7-4e81-9fd7-cfa21b77fd70}</UniqueIdentifier>
    </Filter>
    <Filter Include="GameObjects----------------\SceneLight">
      <UniqueIdentifier>{960b2378-7fd4-4347-b32a-c5690f643334}</UniqueIdentifier>
    </Filter>
    <Filter Include="GameObjects----------------\Camera">
      <UniqueIdentifier>{5a077b90-cb47-4b00-bbbe-2389fbb0b973}</UniqueIdentifier>
    </Filter>
    <Filter Include="GameObjects----------------\Instance">
      <UniqueIdentifier>{a9716659-2694-434a-af3d-de31d26af1cc}</UniqueIdentifier>
    </Filter>
    <Filter Include="Components----------------\StaticMesh">
      <UniqueIdentifier>{07fe6679-952d-4053-9b63-cebb80ba4b63}</UniqueIdentifier>
    </Filter>
    <Filter Include="Components----------------\SkeletalMesh">
      <UniqueIdentifier>{d2e29390-cee8-4641-8e88-0635d2f34e49}</UniqueIdentifier>
    </Filter>
    <Filter Include="GameObjects----------------\Stage">
      <UniqueIdentifier>{ed3ff828-0f7c-49b6-abc5-be9c9c41ab22}</UniqueIdentifier>
    </Filter>
    <Filter Include="GameObjects----------------\Wall">
      <UniqueIdentifier>{c9a0be23-5867-49fb-8a4b-24234641b81d}</UniqueIdentifier>
    </Filter>
    <Filter Include="GameObjects----------------\Pillar">
      <UniqueIdentifier>{adf17b72-e957-4611-a06a-8594b18ef507}</UniqueIdentifier>
    </Filter>
    <Filter Include="GameObjects----------------\Trim">
      <UniqueIdentifier>{2bb3750b-205b-45f0-a8fa-d8118524bfb9}</UniqueIdentifier>
    </Filter>
    <Filter Include="GameObjects----------------\Ceiling">
      <UniqueIdentifier>{0b04c34a-9cb9-4ea1-a323-196e4f8b10fd}</UniqueIdentifier>
    </Filter>
    <Filter Include="GameObjects----------------\PointLight">
      <UniqueIdentifier>{136ed20f-c2e5-4365-8860-2a4011aee6c4}</UniqueIdentifier>
    </Filter>
  </ItemGroup>
  <ItemGroup>
    <ClCompile Include="00 Source File\Entry.cpp">
      <Filter>Manager --------------------</Filter>
    </ClCompile>
    <ClCompile Include="00 Source File\camera.cpp">
      <Filter>GameObjects----------------\Camera</Filter>
    </ClCompile>
    <ClCompile Include="00 Source File\light.cpp">
      <Filter>Components----------------\Light</Filter>
    </ClCompile>
    <ClCompile Include="00 Source File\sound.cpp">
      <Filter>Components----------------\Sound</Filter>
    </ClCompile>
    <ClCompile Include="00 Source File\floor.cpp">
      <Filter>GameObjects----------------\Floor</Filter>
    </ClCompile>
    <ClCompile Include="00 Source File\player.cpp">
      <Filter>GameObjects----------------\Player</Filter>
    </ClCompile>
    <ClCompile Include="00 Source File\scenelight.cpp">
      <Filter>GameObjects----------------\SceneLight</Filter>
    </ClCompile>
    <ClCompile Include="00 Source File\base.cpp">
      <Filter>Manager --------------------\Bass</Filter>
    </ClCompile>
    <ClCompile Include="00 Source File\director.cpp">
      <Filter>Manager --------------------\Director</Filter>
    </ClCompile>
    <ClCompile Include="00 Source File\renderer.cpp">
      <Filter>Manager --------------------\Renderer</Filter>
    </ClCompile>
    <ClCompile Include="00 Source File\input.cpp">
      <Filter>Manager --------------------\Imput</Filter>
    </ClCompile>
    <ClCompile Include="00 Source File\window.cpp">
      <Filter>Manager --------------------\Window</Filter>
    </ClCompile>
    <ClCompile Include="00 Source File\makeTangent.cpp">
      <Filter>Manager --------------------\Graphic</Filter>
    </ClCompile>
    <ClCompile Include="00 Source File\tile.cpp">
      <Filter>Components----------------\Tile</Filter>
    </ClCompile>
    <ClCompile Include="00 Source File\InstanceObject.cpp">
      <Filter>GameObjects----------------\Instance</Filter>
    </ClCompile>
    <ClCompile Include="00 Source File\Imgui11.cpp">
      <Filter>Manager --------------------\Imgui</Filter>
    </ClCompile>
    <ClCompile Include="00 Source File\SkeletalMesh.cpp">
      <Filter>Components----------------\SkeletalMesh</Filter>
    </ClCompile>
    <ClCompile Include="00 Source File\StaticMesh.cpp">
      <Filter>Components----------------\StaticMesh</Filter>
    </ClCompile>
    <ClCompile Include="00 Source File\Game.cpp">
      <Filter>Scene ------------------------</Filter>
    </ClCompile>
    <ClCompile Include="00 Source File\wall.cpp">
      <Filter>GameObjects----------------\Wall</Filter>
    </ClCompile>
    <ClCompile Include="00 Source File\pillar.cpp">
      <Filter>GameObjects----------------\Pillar</Filter>
    </ClCompile>
    <ClCompile Include="00 Source File\stage.cpp">
      <Filter>GameObjects----------------\Stage</Filter>
    </ClCompile>
    <ClCompile Include="05 Resource File\imgui\imgui.cpp">
      <Filter>Manager --------------------\Imgui</Filter>
    </ClCompile>
    <ClCompile Include="05 Resource File\imgui\imgui_demo.cpp">
      <Filter>Manager --------------------\Imgui</Filter>
    </ClCompile>
    <ClCompile Include="05 Resource File\imgui\imgui_draw.cpp">
      <Filter>Manager --------------------\Imgui</Filter>
    </ClCompile>
    <ClCompile Include="05 Resource File\imgui\imgui_impl_dx11.cpp">
      <Filter>Manager --------------------\Imgui</Filter>
    </ClCompile>
    <ClCompile Include="05 Resource File\imgui\imgui_impl_win32.cpp">
      <Filter>Manager --------------------\Imgui</Filter>
    </ClCompile>
    <ClCompile Include="05 Resource File\imgui\imgui_widgets.cpp">
      <Filter>Manager --------------------\Imgui</Filter>
    </ClCompile>
    <ClCompile Include="00 Source File\trim.cpp">
      <Filter>GameObjects----------------\Trim</Filter>
    </ClCompile>
    <ClCompile Include="00 Source File\ceiling.cpp">
      <Filter>GameObjects----------------\Ceiling</Filter>
    </ClCompile>
    <ClCompile Include="00 Source File\pointLight.cpp">
      <Filter>GameObjects----------------\PointLight</Filter>
    </ClCompile>
  </ItemGroup>
  <ItemGroup>
    <ClInclude Include="00 Source File\Scene.h">
      <Filter>Scene ------------------------</Filter>
    </ClInclude>
    <ClInclude Include="00 Source File\camera.h">
      <Filter>GameObjects----------------\Camera</Filter>
    </ClInclude>
    <ClInclude Include="00 Source File\light.h">
      <Filter>Components----------------\Light</Filter>
    </ClInclude>
    <ClInclude Include="00 Source File\sound.h">
      <Filter>Components----------------\Sound</Filter>
    </ClInclude>
    <ClInclude Include="00 Source File\floor.h">
      <Filter>GameObjects----------------\Floor</Filter>
    </ClInclude>
    <ClInclude Include="00 Source File\player.h">
      <Filter>GameObjects----------------\Player</Filter>
    </ClInclude>
    <ClInclude Include="00 Source File\scenelight.h">
      <Filter>GameObjects----------------\SceneLight</Filter>
    </ClInclude>
    <ClInclude Include="00 Source File\base.h">
      <Filter>Manager --------------------\Bass</Filter>
    </ClInclude>
    <ClInclude Include="00 Source File\director.h">
      <Filter>Manager --------------------\Director</Filter>
    </ClInclude>
    <ClInclude Include="00 Source File\renderer.h">
      <Filter>Manager --------------------\Renderer</Filter>
    </ClInclude>
    <ClInclude Include="00 Source File\input.h">
      <Filter>Manager --------------------\Imput</Filter>
    </ClInclude>
    <ClInclude Include="00 Source File\window.h">
      <Filter>Manager --------------------\Window</Filter>
    </ClInclude>
    <ClInclude Include="00 Source File\makeTangent.h">
      <Filter>Manager --------------------\Graphic</Filter>
    </ClInclude>
    <ClInclude Include="00 Source File\gameobject.h">
      <Filter>GameObjects----------------</Filter>
    </ClInclude>
    <ClInclude Include="00 Source File\tile.h">
      <Filter>Components----------------\Tile</Filter>
    </ClInclude>
    <ClInclude Include="00 Source File\InstanceObject.h">
      <Filter>GameObjects----------------\Instance</Filter>
    </ClInclude>
    <ClInclude Include="00 Source File\Imgui11.h">
      <Filter>Manager --------------------\Imgui</Filter>
    </ClInclude>
    <ClInclude Include="00 Source File\SkeletalMesh.h">
      <Filter>Components----------------\SkeletalMesh</Filter>
    </ClInclude>
    <ClInclude Include="00 Source File\StaticMesh.h">
      <Filter>Components----------------\StaticMesh</Filter>
    </ClInclude>
    <ClInclude Include="00 Source File\Game.h">
      <Filter>Scene ------------------------</Filter>
    </ClInclude>
    <ClInclude Include="00 Source File\wall.h">
      <Filter>GameObjects----------------\Wall</Filter>
    </ClInclude>
    <ClInclude Include="00 Source File\pillar.h">
      <Filter>GameObjects----------------\Pillar</Filter>
    </ClInclude>
    <ClInclude Include="00 Source File\stage.h">
      <Filter>GameObjects----------------\Stage</Filter>
    </ClInclude>
    <ClInclude Include="05 Resource File\imgui\imconfig.h">
      <Filter>Manager --------------------\Imgui</Filter>
    </ClInclude>
    <ClInclude Include="05 Resource File\imgui\imgui.h">
      <Filter>Manager --------------------\Imgui</Filter>
    </ClInclude>
    <ClInclude Include="05 Resource File\imgui\imgui_impl_dx11.h">
      <Filter>Manager --------------------\Imgui</Filter>
    </ClInclude>
    <ClInclude Include="05 Resource File\imgui\imgui_impl_win32.h">
      <Filter>Manager --------------------\Imgui</Filter>
    </ClInclude>
    <ClInclude Include="05 Resource File\imgui\imgui_internal.h">
      <Filter>Manager --------------------\Imgui</Filter>
    </ClInclude>
    <ClInclude Include="05 Resource File\imgui\imstb_rectpack.h">
      <Filter>Manager --------------------\Imgui</Filter>
    </ClInclude>
    <ClInclude Include="05 Resource File\imgui\imstb_textedit.h">
      <Filter>Manager --------------------\Imgui</Filter>
    </ClInclude>
    <ClInclude Include="05 Resource File\imgui\imstb_truetype.h">
      <Filter>Manager --------------------\Imgui</Filter>
    </ClInclude>
    <ClInclude Include="00 Source File\trim.h">
      <Filter>GameObjects----------------\Trim</Filter>
    </ClInclude>
    <ClInclude Include="00 Source File\ceiling.h">
      <Filter>GameObjects----------------\Ceiling</Filter>
    </ClInclude>
    <ClInclude Include="00 Source File\pointLight.h">
      <Filter>GameObjects----------------\PointLight</Filter>
    </ClInclude>
  </ItemGroup>
  <ItemGroup>
    <FxCompile Include="03 Shader File\hlsl\FBX_Geometry.hlsl">
      <Filter>Shader------------------------</Filter>
    </FxCompile>
    <FxCompile Include="03 Shader File\hlsl\PixelShader.hlsl">
      <Filter>Shader------------------------</Filter>
    </FxCompile>
    <FxCompile Include="03 Shader File\hlsl\VertexShader.hlsl">
      <Filter>Shader------------------------</Filter>
    </FxCompile>
    <FxCompile Include="03 Shader File\hlsl\Tile_PixelShader.hlsl">
      <Filter>Shader------------------------</Filter>
    </FxCompile>
    <FxCompile Include="03 Shader File\hlsl\Tile_VertexShader.hlsl">
      <Filter>Shader------------------------</Filter>
    </FxCompile>
    <FxCompile Include="03 Shader File\hlsl\DeferredVS.hlsl">
      <Filter>Shader------------------------</Filter>
    </FxCompile>
    <FxCompile Include="03 Shader File\hlsl\DeferredPS.hlsl">
      <Filter>Shader------------------------</Filter>
    </FxCompile>
    <FxCompile Include="03 Shader File\hlsl\SkeletalVertexShader.hlsl">
      <Filter>Shader------------------------</Filter>
    </FxCompile>
    <FxCompile Include="03 Shader File\hlsl\SkeletalPixelShader.hlsl">
      <Filter>Shader------------------------</Filter>
    </FxCompile>
    <FxCompile Include="03 Shader File\hlsl\InstanceVertexShader.hlsl">
      <Filter>Shader------------------------</Filter>
    </FxCompile>
    <FxCompile Include="03 Shader File\hlsl\InstanceComputeShader.hlsl">
      <Filter>Shader------------------------</Filter>
    </FxCompile>
  </ItemGroup>
  <ItemGroup>
    <Text Include="Manual.txt">
      <Filter>Resource</Filter>
    </Text>
  </ItemGroup>
</Project>